// !$*UTF8*$!
{
	archiveVersion = 1;
	classes = {
	};
	objectVersion = 50;
	objects = {

/* Begin PBXBuildFile section */
		005D2E5420C94B58004474F2 /* Delegated_iOS.framework in Frameworks */ = {isa = PBXBuildFile; fileRef = 005D2E4A20C94B57004474F2 /* Delegated_iOS.framework */; };
		005D2E7220C94B78004474F2 /* Delegated_tvOS.framework in Frameworks */ = {isa = PBXBuildFile; fileRef = 005D2E6920C94B78004474F2 /* Delegated_tvOS.framework */; };
		005D2E8E20C94B9F004474F2 /* Delegated_macOS.framework in Frameworks */ = {isa = PBXBuildFile; fileRef = 005D2E8520C94B9F004474F2 /* Delegated_macOS.framework */; };
		005D2EB020C94C5D004474F2 /* Delegated.swift in Sources */ = {isa = PBXBuildFile; fileRef = 005D2EAB20C94C5D004474F2 /* Delegated.swift */; };
		005D2EB120C94C5D004474F2 /* Delegated.swift in Sources */ = {isa = PBXBuildFile; fileRef = 005D2EAB20C94C5D004474F2 /* Delegated.swift */; };
		005D2EB220C94C5D004474F2 /* Delegated.swift in Sources */ = {isa = PBXBuildFile; fileRef = 005D2EAB20C94C5D004474F2 /* Delegated.swift */; };
		005D2EB320C94C5D004474F2 /* Delegated.swift in Sources */ = {isa = PBXBuildFile; fileRef = 005D2EAB20C94C5D004474F2 /* Delegated.swift */; };
		005D2EBF20C94C6A004474F2 /* DelegatedTests.swift in Sources */ = {isa = PBXBuildFile; fileRef = 005D2EAE20C94C5D004474F2 /* DelegatedTests.swift */; };
		005D2EC020C94C6B004474F2 /* DelegatedTests.swift in Sources */ = {isa = PBXBuildFile; fileRef = 005D2EAE20C94C5D004474F2 /* DelegatedTests.swift */; };
		005D2EC120C94C6B004474F2 /* DelegatedTests.swift in Sources */ = {isa = PBXBuildFile; fileRef = 005D2EAE20C94C5D004474F2 /* DelegatedTests.swift */; };
/* End PBXBuildFile section */

/* Begin PBXContainerItemProxy section */
		005D2E5520C94B58004474F2 /* PBXContainerItemProxy */ = {
			isa = PBXContainerItemProxy;
			containerPortal = 005D2E4120C94B57004474F2 /* Project object */;
			proxyType = 1;
			remoteGlobalIDString = 005D2E4920C94B57004474F2;
			remoteInfo = Delegated;
		};
		005D2E7320C94B78004474F2 /* PBXContainerItemProxy */ = {
			isa = PBXContainerItemProxy;
			containerPortal = 005D2E4120C94B57004474F2 /* Project object */;
			proxyType = 1;
			remoteGlobalIDString = 005D2E6820C94B78004474F2;
			remoteInfo = "Delegated-tvOS";
		};
		005D2E8F20C94B9F004474F2 /* PBXContainerItemProxy */ = {
			isa = PBXContainerItemProxy;
			containerPortal = 005D2E4120C94B57004474F2 /* Project object */;
			proxyType = 1;
			remoteGlobalIDString = 005D2E8420C94B9F004474F2;
			remoteInfo = "Delegated-macOS";
		};
/* End PBXContainerItemProxy section */

/* Begin PBXFileReference section */
		005D2E4A20C94B57004474F2 /* Delegated_iOS.framework */ = {isa = PBXFileReference; explicitFileType = wrapper.framework; includeInIndex = 0; path = Delegated_iOS.framework; sourceTree = BUILT_PRODUCTS_DIR; };
		005D2E5320C94B58004474F2 /* Delegated-iOSTests.xctest */ = {isa = PBXFileReference; explicitFileType = wrapper.cfbundle; includeInIndex = 0; path = "Delegated-iOSTests.xctest"; sourceTree = BUILT_PRODUCTS_DIR; };
		005D2E6920C94B78004474F2 /* Delegated_tvOS.framework */ = {isa = PBXFileReference; explicitFileType = wrapper.framework; includeInIndex = 0; path = Delegated_tvOS.framework; sourceTree = BUILT_PRODUCTS_DIR; };
		005D2E7120C94B78004474F2 /* Delegated-tvOSTests.xctest */ = {isa = PBXFileReference; explicitFileType = wrapper.cfbundle; includeInIndex = 0; path = "Delegated-tvOSTests.xctest"; sourceTree = BUILT_PRODUCTS_DIR; };
		005D2E8520C94B9F004474F2 /* Delegated_macOS.framework */ = {isa = PBXFileReference; explicitFileType = wrapper.framework; includeInIndex = 0; path = Delegated_macOS.framework; sourceTree = BUILT_PRODUCTS_DIR; };
		005D2E8D20C94B9F004474F2 /* Delegated-macOSTests.xctest */ = {isa = PBXFileReference; explicitFileType = wrapper.cfbundle; includeInIndex = 0; path = "Delegated-macOSTests.xctest"; sourceTree = BUILT_PRODUCTS_DIR; };
		005D2EA120C94BAC004474F2 /* Delegated_watchOS.framework */ = {isa = PBXFileReference; explicitFileType = wrapper.framework; includeInIndex = 0; path = Delegated_watchOS.framework; sourceTree = BUILT_PRODUCTS_DIR; };
		005D2EAB20C94C5D004474F2 /* Delegated.swift */ = {isa = PBXFileReference; fileEncoding = 4; lastKnownFileType = sourcecode.swift; path = Delegated.swift; sourceTree = "<group>"; };
		005D2EAE20C94C5D004474F2 /* DelegatedTests.swift */ = {isa = PBXFileReference; fileEncoding = 4; lastKnownFileType = sourcecode.swift; path = DelegatedTests.swift; sourceTree = "<group>"; };
		005D2EAF20C94C5D004474F2 /* LinuxMain.swift */ = {isa = PBXFileReference; fileEncoding = 4; lastKnownFileType = sourcecode.swift; path = LinuxMain.swift; sourceTree = "<group>"; };
		005D2EC520C94C97004474F2 /* DelegatedTests.plist */ = {isa = PBXFileReference; lastKnownFileType = text.plist.xml; path = DelegatedTests.plist; sourceTree = "<group>"; };
		005D2EC620C94C97004474F2 /* Delegated.plist */ = {isa = PBXFileReference; lastKnownFileType = text.plist.xml; path = Delegated.plist; sourceTree = "<group>"; };
		005D2EC720C94CA2004474F2 /* Package.swift */ = {isa = PBXFileReference; lastKnownFileType = sourcecode.swift; path = Package.swift; sourceTree = "<group>"; };
		005D2EC820C94CA2004474F2 /* Delegated.podspec */ = {isa = PBXFileReference; lastKnownFileType = text; path = Delegated.podspec; sourceTree = "<group>"; };
		005D2EC920C94CA2004474F2 /* LICENSE */ = {isa = PBXFileReference; lastKnownFileType = text; path = LICENSE; sourceTree = "<group>"; };
		005D2ECA20C94CA2004474F2 /* README.md */ = {isa = PBXFileReference; lastKnownFileType = net.daringfireball.markdown; path = README.md; sourceTree = "<group>"; };
/* End PBXFileReference section */

/* Begin PBXFrameworksBuildPhase section */
		005D2E4620C94B57004474F2 /* Frameworks */ = {
			isa = PBXFrameworksBuildPhase;
			buildActionMask = 2147483647;
			files = (
			);
			runOnlyForDeploymentPostprocessing = 0;
		};
		005D2E5020C94B58004474F2 /* Frameworks */ = {
			isa = PBXFrameworksBuildPhase;
			buildActionMask = 2147483647;
			files = (
				005D2E5420C94B58004474F2 /* Delegated_iOS.framework in Frameworks */,
			);
			runOnlyForDeploymentPostprocessing = 0;
		};
		005D2E6520C94B78004474F2 /* Frameworks */ = {
			isa = PBXFrameworksBuildPhase;
			buildActionMask = 2147483647;
			files = (
			);
			runOnlyForDeploymentPostprocessing = 0;
		};
		005D2E6E20C94B78004474F2 /* Frameworks */ = {
			isa = PBXFrameworksBuildPhase;
			buildActionMask = 2147483647;
			files = (
				005D2E7220C94B78004474F2 /* Delegated_tvOS.framework in Frameworks */,
			);
			runOnlyForDeploymentPostprocessing = 0;
		};
		005D2E8120C94B9F004474F2 /* Frameworks */ = {
			isa = PBXFrameworksBuildPhase;
			buildActionMask = 2147483647;
			files = (
			);
			runOnlyForDeploymentPostprocessing = 0;
		};
		005D2E8A20C94B9F004474F2 /* Frameworks */ = {
			isa = PBXFrameworksBuildPhase;
			buildActionMask = 2147483647;
			files = (
				005D2E8E20C94B9F004474F2 /* Delegated_macOS.framework in Frameworks */,
			);
			runOnlyForDeploymentPostprocessing = 0;
		};
		005D2E9D20C94BAC004474F2 /* Frameworks */ = {
			isa = PBXFrameworksBuildPhase;
			buildActionMask = 2147483647;
			files = (
			);
			runOnlyForDeploymentPostprocessing = 0;
		};
/* End PBXFrameworksBuildPhase section */

/* Begin PBXGroup section */
		005D2E4020C94B57004474F2 = {
			isa = PBXGroup;
			children = (
				005D2EA920C94C5D004474F2 /* Sources */,
				005D2EAC20C94C5D004474F2 /* Tests */,
				005D2EC420C94C97004474F2 /* Configs */,
				005D2E4B20C94B58004474F2 /* Products */,
				005D2EC320C94C7C004474F2 /* Root Files */,
			);
			sourceTree = "<group>";
		};
		005D2E4B20C94B58004474F2 /* Products */ = {
			isa = PBXGroup;
			children = (
				005D2E4A20C94B57004474F2 /* Delegated_iOS.framework */,
				005D2E5320C94B58004474F2 /* Delegated-iOSTests.xctest */,
				005D2E6920C94B78004474F2 /* Delegated_tvOS.framework */,
				005D2E7120C94B78004474F2 /* Delegated-tvOSTests.xctest */,
				005D2E8520C94B9F004474F2 /* Delegated_macOS.framework */,
				005D2E8D20C94B9F004474F2 /* Delegated-macOSTests.xctest */,
				005D2EA120C94BAC004474F2 /* Delegated_watchOS.framework */,
			);
			name = Products;
			sourceTree = "<group>";
		};
		005D2EA920C94C5D004474F2 /* Sources */ = {
			isa = PBXGroup;
			children = (
				005D2EAA20C94C5D004474F2 /* Delegated */,
			);
			path = Sources;
			sourceTree = "<group>";
		};
		005D2EAA20C94C5D004474F2 /* Delegated */ = {
			isa = PBXGroup;
			children = (
				005D2EAB20C94C5D004474F2 /* Delegated.swift */,
			);
			path = Delegated;
			sourceTree = "<group>";
		};
		005D2EAC20C94C5D004474F2 /* Tests */ = {
			isa = PBXGroup;
			children = (
				005D2EAD20C94C5D004474F2 /* DelegatedTests */,
				005D2EAF20C94C5D004474F2 /* LinuxMain.swift */,
			);
			path = Tests;
			sourceTree = "<group>";
		};
		005D2EAD20C94C5D004474F2 /* DelegatedTests */ = {
			isa = PBXGroup;
			children = (
				005D2EAE20C94C5D004474F2 /* DelegatedTests.swift */,
			);
			path = DelegatedTests;
			sourceTree = "<group>";
		};
		005D2EC320C94C7C004474F2 /* Root Files */ = {
			isa = PBXGroup;
			children = (
				005D2EC820C94CA2004474F2 /* Delegated.podspec */,
				005D2EC920C94CA2004474F2 /* LICENSE */,
				005D2EC720C94CA2004474F2 /* Package.swift */,
				005D2ECA20C94CA2004474F2 /* README.md */,
			);
			name = "Root Files";
			sourceTree = "<group>";
		};
		005D2EC420C94C97004474F2 /* Configs */ = {
			isa = PBXGroup;
			children = (
				005D2EC520C94C97004474F2 /* DelegatedTests.plist */,
				005D2EC620C94C97004474F2 /* Delegated.plist */,
			);
			path = Configs;
			sourceTree = "<group>";
		};
/* End PBXGroup section */

/* Begin PBXHeadersBuildPhase section */
		005D2E4720C94B57004474F2 /* Headers */ = {
			isa = PBXHeadersBuildPhase;
			buildActionMask = 2147483647;
			files = (
			);
			runOnlyForDeploymentPostprocessing = 0;
		};
		005D2E6620C94B78004474F2 /* Headers */ = {
			isa = PBXHeadersBuildPhase;
			buildActionMask = 2147483647;
			files = (
			);
			runOnlyForDeploymentPostprocessing = 0;
		};
		005D2E8220C94B9F004474F2 /* Headers */ = {
			isa = PBXHeadersBuildPhase;
			buildActionMask = 2147483647;
			files = (
			);
			runOnlyForDeploymentPostprocessing = 0;
		};
		005D2E9E20C94BAC004474F2 /* Headers */ = {
			isa = PBXHeadersBuildPhase;
			buildActionMask = 2147483647;
			files = (
			);
			runOnlyForDeploymentPostprocessing = 0;
		};
/* End PBXHeadersBuildPhase section */

/* Begin PBXNativeTarget section */
		005D2E4920C94B57004474F2 /* Delegated-iOS */ = {
			isa = PBXNativeTarget;
			buildConfigurationList = 005D2E5E20C94B58004474F2 /* Build configuration list for PBXNativeTarget "Delegated-iOS" */;
			buildPhases = (
				005D2E4520C94B57004474F2 /* Sources */,
				005D2E4620C94B57004474F2 /* Frameworks */,
				005D2E4720C94B57004474F2 /* Headers */,
				005D2E4820C94B57004474F2 /* Resources */,
			);
			buildRules = (
			);
			dependencies = (
			);
			name = "Delegated-iOS";
			productName = Delegated;
			productReference = 005D2E4A20C94B57004474F2 /* Delegated_iOS.framework */;
			productType = "com.apple.product-type.framework";
		};
		005D2E5220C94B58004474F2 /* Delegated-iOSTests */ = {
			isa = PBXNativeTarget;
			buildConfigurationList = 005D2E6120C94B58004474F2 /* Build configuration list for PBXNativeTarget "Delegated-iOSTests" */;
			buildPhases = (
				005D2E4F20C94B58004474F2 /* Sources */,
				005D2E5020C94B58004474F2 /* Frameworks */,
				005D2E5120C94B58004474F2 /* Resources */,
			);
			buildRules = (
			);
			dependencies = (
				005D2E5620C94B58004474F2 /* PBXTargetDependency */,
			);
			name = "Delegated-iOSTests";
			productName = DelegatedTests;
			productReference = 005D2E5320C94B58004474F2 /* Delegated-iOSTests.xctest */;
			productType = "com.apple.product-type.bundle.unit-test";
		};
		005D2E6820C94B78004474F2 /* Delegated-tvOS */ = {
			isa = PBXNativeTarget;
			buildConfigurationList = 005D2E7A20C94B78004474F2 /* Build configuration list for PBXNativeTarget "Delegated-tvOS" */;
			buildPhases = (
				005D2E6420C94B78004474F2 /* Sources */,
				005D2E6520C94B78004474F2 /* Frameworks */,
				005D2E6620C94B78004474F2 /* Headers */,
				005D2E6720C94B78004474F2 /* Resources */,
			);
			buildRules = (
			);
			dependencies = (
			);
			name = "Delegated-tvOS";
			productName = "Delegated-tvOS";
			productReference = 005D2E6920C94B78004474F2 /* Delegated_tvOS.framework */;
			productType = "com.apple.product-type.framework";
		};
		005D2E7020C94B78004474F2 /* Delegated-tvOSTests */ = {
			isa = PBXNativeTarget;
			buildConfigurationList = 005D2E7D20C94B78004474F2 /* Build configuration list for PBXNativeTarget "Delegated-tvOSTests" */;
			buildPhases = (
				005D2E6D20C94B78004474F2 /* Sources */,
				005D2E6E20C94B78004474F2 /* Frameworks */,
				005D2E6F20C94B78004474F2 /* Resources */,
			);
			buildRules = (
			);
			dependencies = (
				005D2E7420C94B78004474F2 /* PBXTargetDependency */,
			);
			name = "Delegated-tvOSTests";
			productName = "Delegated-tvOSTests";
			productReference = 005D2E7120C94B78004474F2 /* Delegated-tvOSTests.xctest */;
			productType = "com.apple.product-type.bundle.unit-test";
		};
		005D2E8420C94B9F004474F2 /* Delegated-macOS */ = {
			isa = PBXNativeTarget;
			buildConfigurationList = 005D2E9620C94BA0004474F2 /* Build configuration list for PBXNativeTarget "Delegated-macOS" */;
			buildPhases = (
				005D2E8020C94B9F004474F2 /* Sources */,
				005D2E8120C94B9F004474F2 /* Frameworks */,
				005D2E8220C94B9F004474F2 /* Headers */,
				005D2E8320C94B9F004474F2 /* Resources */,
			);
			buildRules = (
			);
			dependencies = (
			);
			name = "Delegated-macOS";
			productName = "Delegated-macOS";
			productReference = 005D2E8520C94B9F004474F2 /* Delegated_macOS.framework */;
			productType = "com.apple.product-type.framework";
		};
		005D2E8C20C94B9F004474F2 /* Delegated-macOSTests */ = {
			isa = PBXNativeTarget;
			buildConfigurationList = 005D2E9920C94BA0004474F2 /* Build configuration list for PBXNativeTarget "Delegated-macOSTests" */;
			buildPhases = (
				005D2E8920C94B9F004474F2 /* Sources */,
				005D2E8A20C94B9F004474F2 /* Frameworks */,
				005D2E8B20C94B9F004474F2 /* Resources */,
			);
			buildRules = (
			);
			dependencies = (
				005D2E9020C94B9F004474F2 /* PBXTargetDependency */,
			);
			name = "Delegated-macOSTests";
			productName = "Delegated-macOSTests";
			productReference = 005D2E8D20C94B9F004474F2 /* Delegated-macOSTests.xctest */;
			productType = "com.apple.product-type.bundle.unit-test";
		};
		005D2EA020C94BAC004474F2 /* Delegated-watchOS */ = {
			isa = PBXNativeTarget;
			buildConfigurationList = 005D2EA620C94BAC004474F2 /* Build configuration list for PBXNativeTarget "Delegated-watchOS" */;
			buildPhases = (
				005D2E9C20C94BAC004474F2 /* Sources */,
				005D2E9D20C94BAC004474F2 /* Frameworks */,
				005D2E9E20C94BAC004474F2 /* Headers */,
				005D2E9F20C94BAC004474F2 /* Resources */,
			);
			buildRules = (
			);
			dependencies = (
			);
			name = "Delegated-watchOS";
			productName = "Delegated-watchOS";
			productReference = 005D2EA120C94BAC004474F2 /* Delegated_watchOS.framework */;
			productType = "com.apple.product-type.framework";
		};
/* End PBXNativeTarget section */

/* Begin PBXProject section */
		005D2E4120C94B57004474F2 /* Project object */ = {
			isa = PBXProject;
			attributes = {
				LastSwiftUpdateCheck = 0940;
				LastUpgradeCheck = 0940;
				ORGANIZATIONNAME = "Oleg Dreyman";
				TargetAttributes = {
					005D2E4920C94B57004474F2 = {
						CreatedOnToolsVersion = 9.4;
					};
					005D2E5220C94B58004474F2 = {
						CreatedOnToolsVersion = 9.4;
					};
					005D2E6820C94B78004474F2 = {
						CreatedOnToolsVersion = 9.4;
					};
					005D2E7020C94B78004474F2 = {
						CreatedOnToolsVersion = 9.4;
					};
					005D2E8420C94B9F004474F2 = {
						CreatedOnToolsVersion = 9.4;
					};
					005D2E8C20C94B9F004474F2 = {
						CreatedOnToolsVersion = 9.4;
					};
					005D2EA020C94BAC004474F2 = {
						CreatedOnToolsVersion = 9.4;
					};
				};
			};
			buildConfigurationList = 005D2E4420C94B57004474F2 /* Build configuration list for PBXProject "Delegated" */;
			compatibilityVersion = "Xcode 9.3";
			developmentRegion = en;
			hasScannedForEncodings = 0;
			knownRegions = (
				en,
			);
			mainGroup = 005D2E4020C94B57004474F2;
			productRefGroup = 005D2E4B20C94B58004474F2 /* Products */;
			projectDirPath = "";
			projectRoot = "";
			targets = (
				005D2E4920C94B57004474F2 /* Delegated-iOS */,
				005D2E5220C94B58004474F2 /* Delegated-iOSTests */,
				005D2E6820C94B78004474F2 /* Delegated-tvOS */,
				005D2E7020C94B78004474F2 /* Delegated-tvOSTests */,
				005D2E8420C94B9F004474F2 /* Delegated-macOS */,
				005D2E8C20C94B9F004474F2 /* Delegated-macOSTests */,
				005D2EA020C94BAC004474F2 /* Delegated-watchOS */,
			);
		};
/* End PBXProject section */

/* Begin PBXResourcesBuildPhase section */
		005D2E4820C94B57004474F2 /* Resources */ = {
			isa = PBXResourcesBuildPhase;
			buildActionMask = 2147483647;
			files = (
			);
			runOnlyForDeploymentPostprocessing = 0;
		};
		005D2E5120C94B58004474F2 /* Resources */ = {
			isa = PBXResourcesBuildPhase;
			buildActionMask = 2147483647;
			files = (
			);
			runOnlyForDeploymentPostprocessing = 0;
		};
		005D2E6720C94B78004474F2 /* Resources */ = {
			isa = PBXResourcesBuildPhase;
			buildActionMask = 2147483647;
			files = (
			);
			runOnlyForDeploymentPostprocessing = 0;
		};
		005D2E6F20C94B78004474F2 /* Resources */ = {
			isa = PBXResourcesBuildPhase;
			buildActionMask = 2147483647;
			files = (
			);
			runOnlyForDeploymentPostprocessing = 0;
		};
		005D2E8320C94B9F004474F2 /* Resources */ = {
			isa = PBXResourcesBuildPhase;
			buildActionMask = 2147483647;
			files = (
			);
			runOnlyForDeploymentPostprocessing = 0;
		};
		005D2E8B20C94B9F004474F2 /* Resources */ = {
			isa = PBXResourcesBuildPhase;
			buildActionMask = 2147483647;
			files = (
			);
			runOnlyForDeploymentPostprocessing = 0;
		};
		005D2E9F20C94BAC004474F2 /* Resources */ = {
			isa = PBXResourcesBuildPhase;
			buildActionMask = 2147483647;
			files = (
			);
			runOnlyForDeploymentPostprocessing = 0;
		};
/* End PBXResourcesBuildPhase section */

/* Begin PBXSourcesBuildPhase section */
		005D2E4520C94B57004474F2 /* Sources */ = {
			isa = PBXSourcesBuildPhase;
			buildActionMask = 2147483647;
			files = (
				005D2EB020C94C5D004474F2 /* Delegated.swift in Sources */,
			);
			runOnlyForDeploymentPostprocessing = 0;
		};
		005D2E4F20C94B58004474F2 /* Sources */ = {
			isa = PBXSourcesBuildPhase;
			buildActionMask = 2147483647;
			files = (
				005D2EBF20C94C6A004474F2 /* DelegatedTests.swift in Sources */,
			);
			runOnlyForDeploymentPostprocessing = 0;
		};
		005D2E6420C94B78004474F2 /* Sources */ = {
			isa = PBXSourcesBuildPhase;
			buildActionMask = 2147483647;
			files = (
				005D2EB120C94C5D004474F2 /* Delegated.swift in Sources */,
			);
			runOnlyForDeploymentPostprocessing = 0;
		};
		005D2E6D20C94B78004474F2 /* Sources */ = {
			isa = PBXSourcesBuildPhase;
			buildActionMask = 2147483647;
			files = (
				005D2EC020C94C6B004474F2 /* DelegatedTests.swift in Sources */,
			);
			runOnlyForDeploymentPostprocessing = 0;
		};
		005D2E8020C94B9F004474F2 /* Sources */ = {
			isa = PBXSourcesBuildPhase;
			buildActionMask = 2147483647;
			files = (
				005D2EB220C94C5D004474F2 /* Delegated.swift in Sources */,
			);
			runOnlyForDeploymentPostprocessing = 0;
		};
		005D2E8920C94B9F004474F2 /* Sources */ = {
			isa = PBXSourcesBuildPhase;
			buildActionMask = 2147483647;
			files = (
				005D2EC120C94C6B004474F2 /* DelegatedTests.swift in Sources */,
			);
			runOnlyForDeploymentPostprocessing = 0;
		};
		005D2E9C20C94BAC004474F2 /* Sources */ = {
			isa = PBXSourcesBuildPhase;
			buildActionMask = 2147483647;
			files = (
				005D2EB320C94C5D004474F2 /* Delegated.swift in Sources */,
			);
			runOnlyForDeploymentPostprocessing = 0;
		};
/* End PBXSourcesBuildPhase section */

/* Begin PBXTargetDependency section */
		005D2E5620C94B58004474F2 /* PBXTargetDependency */ = {
			isa = PBXTargetDependency;
			target = 005D2E4920C94B57004474F2 /* Delegated-iOS */;
			targetProxy = 005D2E5520C94B58004474F2 /* PBXContainerItemProxy */;
		};
		005D2E7420C94B78004474F2 /* PBXTargetDependency */ = {
			isa = PBXTargetDependency;
			target = 005D2E6820C94B78004474F2 /* Delegated-tvOS */;
			targetProxy = 005D2E7320C94B78004474F2 /* PBXContainerItemProxy */;
		};
		005D2E9020C94B9F004474F2 /* PBXTargetDependency */ = {
			isa = PBXTargetDependency;
			target = 005D2E8420C94B9F004474F2 /* Delegated-macOS */;
			targetProxy = 005D2E8F20C94B9F004474F2 /* PBXContainerItemProxy */;
		};
/* End PBXTargetDependency section */

/* Begin XCBuildConfiguration section */
		005D2E5C20C94B58004474F2 /* Debug */ = {
			isa = XCBuildConfiguration;
			buildSettings = {
				ALWAYS_SEARCH_USER_PATHS = NO;
				CLANG_ANALYZER_NONNULL = YES;
				CLANG_ANALYZER_NUMBER_OBJECT_CONVERSION = YES_AGGRESSIVE;
				CLANG_CXX_LANGUAGE_STANDARD = "gnu++14";
				CLANG_CXX_LIBRARY = "libc++";
				CLANG_ENABLE_MODULES = YES;
				CLANG_ENABLE_OBJC_ARC = YES;
				CLANG_ENABLE_OBJC_WEAK = YES;
				CLANG_WARN_BLOCK_CAPTURE_AUTORELEASING = YES;
				CLANG_WARN_BOOL_CONVERSION = YES;
				CLANG_WARN_COMMA = YES;
				CLANG_WARN_CONSTANT_CONVERSION = YES;
				CLANG_WARN_DEPRECATED_OBJC_IMPLEMENTATIONS = YES;
				CLANG_WARN_DIRECT_OBJC_ISA_USAGE = YES_ERROR;
				CLANG_WARN_DOCUMENTATION_COMMENTS = YES;
				CLANG_WARN_EMPTY_BODY = YES;
				CLANG_WARN_ENUM_CONVERSION = YES;
				CLANG_WARN_INFINITE_RECURSION = YES;
				CLANG_WARN_INT_CONVERSION = YES;
				CLANG_WARN_NON_LITERAL_NULL_CONVERSION = YES;
				CLANG_WARN_OBJC_IMPLICIT_RETAIN_SELF = YES;
				CLANG_WARN_OBJC_LITERAL_CONVERSION = YES;
				CLANG_WARN_OBJC_ROOT_CLASS = YES_ERROR;
				CLANG_WARN_RANGE_LOOP_ANALYSIS = YES;
				CLANG_WARN_STRICT_PROTOTYPES = YES;
				CLANG_WARN_SUSPICIOUS_MOVE = YES;
				CLANG_WARN_UNGUARDED_AVAILABILITY = YES_AGGRESSIVE;
				CLANG_WARN_UNREACHABLE_CODE = YES;
				CLANG_WARN__DUPLICATE_METHOD_MATCH = YES;
				CODE_SIGN_IDENTITY = "iPhone Developer";
				COPY_PHASE_STRIP = NO;
				CURRENT_PROJECT_VERSION = 1;
				DEBUG_INFORMATION_FORMAT = dwarf;
				ENABLE_STRICT_OBJC_MSGSEND = YES;
				ENABLE_TESTABILITY = YES;
				GCC_C_LANGUAGE_STANDARD = gnu11;
				GCC_DYNAMIC_NO_PIC = NO;
				GCC_NO_COMMON_BLOCKS = YES;
				GCC_OPTIMIZATION_LEVEL = 0;
				GCC_PREPROCESSOR_DEFINITIONS = (
					"DEBUG=1",
					"$(inherited)",
				);
				GCC_WARN_64_TO_32_BIT_CONVERSION = YES;
				GCC_WARN_ABOUT_RETURN_TYPE = YES_ERROR;
				GCC_WARN_UNDECLARED_SELECTOR = YES;
				GCC_WARN_UNINITIALIZED_AUTOS = YES_AGGRESSIVE;
				GCC_WARN_UNUSED_FUNCTION = YES;
				GCC_WARN_UNUSED_VARIABLE = YES;
				IPHONEOS_DEPLOYMENT_TARGET = 8.0;
				MACOSX_DEPLOYMENT_TARGET = 10.10;
				MTL_ENABLE_DEBUG_INFO = YES;
				ONLY_ACTIVE_ARCH = YES;
				SDKROOT = iphoneos;
				SWIFT_ACTIVE_COMPILATION_CONDITIONS = DEBUG;
				SWIFT_OPTIMIZATION_LEVEL = "-Onone";
				VERSIONING_SYSTEM = "apple-generic";
				VERSION_INFO_PREFIX = "";
			};
			name = Debug;
		};
		005D2E5D20C94B58004474F2 /* Release */ = {
			isa = XCBuildConfiguration;
			buildSettings = {
				ALWAYS_SEARCH_USER_PATHS = NO;
				CLANG_ANALYZER_NONNULL = YES;
				CLANG_ANALYZER_NUMBER_OBJECT_CONVERSION = YES_AGGRESSIVE;
				CLANG_CXX_LANGUAGE_STANDARD = "gnu++14";
				CLANG_CXX_LIBRARY = "libc++";
				CLANG_ENABLE_MODULES = YES;
				CLANG_ENABLE_OBJC_ARC = YES;
				CLANG_ENABLE_OBJC_WEAK = YES;
				CLANG_WARN_BLOCK_CAPTURE_AUTORELEASING = YES;
				CLANG_WARN_BOOL_CONVERSION = YES;
				CLANG_WARN_COMMA = YES;
				CLANG_WARN_CONSTANT_CONVERSION = YES;
				CLANG_WARN_DEPRECATED_OBJC_IMPLEMENTATIONS = YES;
				CLANG_WARN_DIRECT_OBJC_ISA_USAGE = YES_ERROR;
				CLANG_WARN_DOCUMENTATION_COMMENTS = YES;
				CLANG_WARN_EMPTY_BODY = YES;
				CLANG_WARN_ENUM_CONVERSION = YES;
				CLANG_WARN_INFINITE_RECURSION = YES;
				CLANG_WARN_INT_CONVERSION = YES;
				CLANG_WARN_NON_LITERAL_NULL_CONVERSION = YES;
				CLANG_WARN_OBJC_IMPLICIT_RETAIN_SELF = YES;
				CLANG_WARN_OBJC_LITERAL_CONVERSION = YES;
				CLANG_WARN_OBJC_ROOT_CLASS = YES_ERROR;
				CLANG_WARN_RANGE_LOOP_ANALYSIS = YES;
				CLANG_WARN_STRICT_PROTOTYPES = YES;
				CLANG_WARN_SUSPICIOUS_MOVE = YES;
				CLANG_WARN_UNGUARDED_AVAILABILITY = YES_AGGRESSIVE;
				CLANG_WARN_UNREACHABLE_CODE = YES;
				CLANG_WARN__DUPLICATE_METHOD_MATCH = YES;
				CODE_SIGN_IDENTITY = "iPhone Developer";
				COPY_PHASE_STRIP = NO;
				CURRENT_PROJECT_VERSION = 1;
				DEBUG_INFORMATION_FORMAT = "dwarf-with-dsym";
				ENABLE_NS_ASSERTIONS = NO;
				ENABLE_STRICT_OBJC_MSGSEND = YES;
				GCC_C_LANGUAGE_STANDARD = gnu11;
				GCC_NO_COMMON_BLOCKS = YES;
				GCC_WARN_64_TO_32_BIT_CONVERSION = YES;
				GCC_WARN_ABOUT_RETURN_TYPE = YES_ERROR;
				GCC_WARN_UNDECLARED_SELECTOR = YES;
				GCC_WARN_UNINITIALIZED_AUTOS = YES_AGGRESSIVE;
				GCC_WARN_UNUSED_FUNCTION = YES;
				GCC_WARN_UNUSED_VARIABLE = YES;
				IPHONEOS_DEPLOYMENT_TARGET = 8.0;
				MACOSX_DEPLOYMENT_TARGET = 10.10;
				MTL_ENABLE_DEBUG_INFO = NO;
				SDKROOT = iphoneos;
				SWIFT_COMPILATION_MODE = wholemodule;
				SWIFT_OPTIMIZATION_LEVEL = "-O";
				VALIDATE_PRODUCT = YES;
				VERSIONING_SYSTEM = "apple-generic";
				VERSION_INFO_PREFIX = "";
			};
			name = Release;
		};
		005D2E5F20C94B58004474F2 /* Debug */ = {
			isa = XCBuildConfiguration;
			buildSettings = {
				CODE_SIGN_IDENTITY = "";
				CODE_SIGN_STYLE = Automatic;
				DEFINES_MODULE = YES;
				DEVELOPMENT_TEAM = "";
				DYLIB_COMPATIBILITY_VERSION = 1;
				DYLIB_CURRENT_VERSION = 1;
				DYLIB_INSTALL_NAME_BASE = "@rpath";
				INFOPLIST_FILE = "$(SRCROOT)/Configs/Delegated.plist";
				INSTALL_PATH = "$(LOCAL_LIBRARY_DIR)/Frameworks";
				LD_RUNPATH_SEARCH_PATHS = (
					"$(inherited)",
					"@executable_path/Frameworks",
					"@loader_path/Frameworks",
				);
				PRODUCT_BUNDLE_IDENTIFIER = dreymonde.Delegated;
				PRODUCT_NAME = "$(TARGET_NAME:c99extidentifier)";
				SKIP_INSTALL = YES;
				SWIFT_VERSION = 4.0;
				TARGETED_DEVICE_FAMILY = "1,2";
			};
			name = Debug;
		};
		005D2E6020C94B58004474F2 /* Release */ = {
			isa = XCBuildConfiguration;
			buildSettings = {
				CODE_SIGN_IDENTITY = "";
				CODE_SIGN_STYLE = Automatic;
				DEFINES_MODULE = YES;
				DEVELOPMENT_TEAM = "";
				DYLIB_COMPATIBILITY_VERSION = 1;
				DYLIB_CURRENT_VERSION = 1;
				DYLIB_INSTALL_NAME_BASE = "@rpath";
				INFOPLIST_FILE = "$(SRCROOT)/Configs/Delegated.plist";
				INSTALL_PATH = "$(LOCAL_LIBRARY_DIR)/Frameworks";
				LD_RUNPATH_SEARCH_PATHS = (
					"$(inherited)",
					"@executable_path/Frameworks",
					"@loader_path/Frameworks",
				);
				PRODUCT_BUNDLE_IDENTIFIER = dreymonde.Delegated;
				PRODUCT_NAME = "$(TARGET_NAME:c99extidentifier)";
				SKIP_INSTALL = YES;
				SWIFT_VERSION = 4.0;
				TARGETED_DEVICE_FAMILY = "1,2";
			};
			name = Release;
		};
		005D2E6220C94B58004474F2 /* Debug */ = {
			isa = XCBuildConfiguration;
			buildSettings = {
				ALWAYS_EMBED_SWIFT_STANDARD_LIBRARIES = YES;
				CODE_SIGN_STYLE = Automatic;
				DEVELOPMENT_TEAM = "";
				INFOPLIST_FILE = "$(SRCROOT)/Configs/DelegatedTests.plist";
				LD_RUNPATH_SEARCH_PATHS = (
					"$(inherited)",
					"@executable_path/Frameworks",
					"@loader_path/Frameworks",
				);
				PRODUCT_BUNDLE_IDENTIFIER = dreymonde.DelegatedTests;
				PRODUCT_NAME = "$(TARGET_NAME)";
				SWIFT_VERSION = 4.0;
				TARGETED_DEVICE_FAMILY = "1,2";
			};
			name = Debug;
		};
		005D2E6320C94B58004474F2 /* Release */ = {
			isa = XCBuildConfiguration;
			buildSettings = {
				ALWAYS_EMBED_SWIFT_STANDARD_LIBRARIES = YES;
				CODE_SIGN_STYLE = Automatic;
				DEVELOPMENT_TEAM = "";
				INFOPLIST_FILE = "$(SRCROOT)/Configs/DelegatedTests.plist";
				LD_RUNPATH_SEARCH_PATHS = (
					"$(inherited)",
					"@executable_path/Frameworks",
					"@loader_path/Frameworks",
				);
				PRODUCT_BUNDLE_IDENTIFIER = dreymonde.DelegatedTests;
				PRODUCT_NAME = "$(TARGET_NAME)";
				SWIFT_VERSION = 4.0;
				TARGETED_DEVICE_FAMILY = "1,2";
			};
			name = Release;
		};
		005D2E7B20C94B78004474F2 /* Debug */ = {
			isa = XCBuildConfiguration;
			buildSettings = {
				CODE_SIGN_IDENTITY = "";
				CODE_SIGN_STYLE = Automatic;
				DEFINES_MODULE = YES;
				DYLIB_COMPATIBILITY_VERSION = 1;
				DYLIB_CURRENT_VERSION = 1;
				DYLIB_INSTALL_NAME_BASE = "@rpath";
				INFOPLIST_FILE = "$(SRCROOT)/Configs/Delegated.plist";
				INSTALL_PATH = "$(LOCAL_LIBRARY_DIR)/Frameworks";
				LD_RUNPATH_SEARCH_PATHS = (
					"$(inherited)",
					"@executable_path/Frameworks",
					"@loader_path/Frameworks",
				);
				PRODUCT_BUNDLE_IDENTIFIER = "dreymonde.Delegated-tvOS";
				PRODUCT_NAME = "$(TARGET_NAME:c99extidentifier)";
				SDKROOT = appletvos;
				SKIP_INSTALL = YES;
				SWIFT_VERSION = 4.0;
				TARGETED_DEVICE_FAMILY = 3;
				TVOS_DEPLOYMENT_TARGET = 9.0;
			};
			name = Debug;
		};
		005D2E7C20C94B78004474F2 /* Release */ = {
			isa = XCBuildConfiguration;
			buildSettings = {
				CODE_SIGN_IDENTITY = "";
				CODE_SIGN_STYLE = Automatic;
				DEFINES_MODULE = YES;
				DYLIB_COMPATIBILITY_VERSION = 1;
				DYLIB_CURRENT_VERSION = 1;
				DYLIB_INSTALL_NAME_BASE = "@rpath";
				INFOPLIST_FILE = "$(SRCROOT)/Configs/Delegated.plist";
				INSTALL_PATH = "$(LOCAL_LIBRARY_DIR)/Frameworks";
				LD_RUNPATH_SEARCH_PATHS = (
					"$(inherited)",
					"@executable_path/Frameworks",
					"@loader_path/Frameworks",
				);
				PRODUCT_BUNDLE_IDENTIFIER = "dreymonde.Delegated-tvOS";
				PRODUCT_NAME = "$(TARGET_NAME:c99extidentifier)";
				SDKROOT = appletvos;
				SKIP_INSTALL = YES;
				SWIFT_VERSION = 4.0;
				TARGETED_DEVICE_FAMILY = 3;
				TVOS_DEPLOYMENT_TARGET = 9.0;
			};
			name = Release;
		};
		005D2E7E20C94B78004474F2 /* Debug */ = {
			isa = XCBuildConfiguration;
			buildSettings = {
				ALWAYS_EMBED_SWIFT_STANDARD_LIBRARIES = YES;
				CODE_SIGN_STYLE = Automatic;
				INFOPLIST_FILE = "$(SRCROOT)/Configs/DelegatedTests.plist";
				LD_RUNPATH_SEARCH_PATHS = (
					"$(inherited)",
					"@executable_path/Frameworks",
					"@loader_path/Frameworks",
				);
				PRODUCT_BUNDLE_IDENTIFIER = "dreymonde.Delegated-tvOSTests";
				PRODUCT_NAME = "$(TARGET_NAME)";
				SDKROOT = appletvos;
				SWIFT_VERSION = 4.0;
				TARGETED_DEVICE_FAMILY = 3;
				TVOS_DEPLOYMENT_TARGET = 11.4;
			};
			name = Debug;
		};
		005D2E7F20C94B78004474F2 /* Release */ = {
			isa = XCBuildConfiguration;
			buildSettings = {
				ALWAYS_EMBED_SWIFT_STANDARD_LIBRARIES = YES;
				CODE_SIGN_STYLE = Automatic;
				INFOPLIST_FILE = "$(SRCROOT)/Configs/DelegatedTests.plist";
				LD_RUNPATH_SEARCH_PATHS = (
					"$(inherited)",
					"@executable_path/Frameworks",
					"@loader_path/Frameworks",
				);
				PRODUCT_BUNDLE_IDENTIFIER = "dreymonde.Delegated-tvOSTests";
				PRODUCT_NAME = "$(TARGET_NAME)";
				SDKROOT = appletvos;
				SWIFT_VERSION = 4.0;
				TARGETED_DEVICE_FAMILY = 3;
				TVOS_DEPLOYMENT_TARGET = 11.4;
			};
			name = Release;
		};
		005D2E9720C94BA0004474F2 /* Debug */ = {
			isa = XCBuildConfiguration;
			buildSettings = {
				CODE_SIGN_IDENTITY = "-";
				CODE_SIGN_STYLE = Automatic;
				COMBINE_HIDPI_IMAGES = YES;
				DEFINES_MODULE = YES;
				DYLIB_COMPATIBILITY_VERSION = 1;
				DYLIB_CURRENT_VERSION = 1;
				DYLIB_INSTALL_NAME_BASE = "@rpath";
				FRAMEWORK_VERSION = A;
				INFOPLIST_FILE = "$(SRCROOT)/Configs/Delegated.plist";
				INSTALL_PATH = "$(LOCAL_LIBRARY_DIR)/Frameworks";
				LD_RUNPATH_SEARCH_PATHS = (
					"$(inherited)",
					"@executable_path/../Frameworks",
					"@loader_path/Frameworks",
				);
				MACOSX_DEPLOYMENT_TARGET = 10.10;
				PRODUCT_BUNDLE_IDENTIFIER = "dreymonde.Delegated-macOS";
				PRODUCT_NAME = "$(TARGET_NAME:c99extidentifier)";
				SDKROOT = macosx;
				SKIP_INSTALL = YES;
				SWIFT_VERSION = 4.0;
			};
			name = Debug;
		};
		005D2E9820C94BA0004474F2 /* Release */ = {
			isa = XCBuildConfiguration;
			buildSettings = {
				CODE_SIGN_IDENTITY = "-";
				CODE_SIGN_STYLE = Automatic;
				COMBINE_HIDPI_IMAGES = YES;
				DEFINES_MODULE = YES;
				DYLIB_COMPATIBILITY_VERSION = 1;
				DYLIB_CURRENT_VERSION = 1;
				DYLIB_INSTALL_NAME_BASE = "@rpath";
				FRAMEWORK_VERSION = A;
				INFOPLIST_FILE = "$(SRCROOT)/Configs/Delegated.plist";
				INSTALL_PATH = "$(LOCAL_LIBRARY_DIR)/Frameworks";
				LD_RUNPATH_SEARCH_PATHS = (
					"$(inherited)",
					"@executable_path/../Frameworks",
					"@loader_path/Frameworks",
				);
				MACOSX_DEPLOYMENT_TARGET = 10.10;
				PRODUCT_BUNDLE_IDENTIFIER = "dreymonde.Delegated-macOS";
				PRODUCT_NAME = "$(TARGET_NAME:c99extidentifier)";
				SDKROOT = macosx;
				SKIP_INSTALL = YES;
				SWIFT_VERSION = 4.0;
			};
			name = Release;
		};
		005D2E9A20C94BA0004474F2 /* Debug */ = {
			isa = XCBuildConfiguration;
			buildSettings = {
				ALWAYS_EMBED_SWIFT_STANDARD_LIBRARIES = YES;
				CODE_SIGN_IDENTITY = "-";
				CODE_SIGN_STYLE = Automatic;
				COMBINE_HIDPI_IMAGES = YES;
				INFOPLIST_FILE = "$(SRCROOT)/Configs/DelegatedTests.plist";
				LD_RUNPATH_SEARCH_PATHS = (
					"$(inherited)",
					"@executable_path/../Frameworks",
					"@loader_path/../Frameworks",
				);
				MACOSX_DEPLOYMENT_TARGET = 10.13;
				PRODUCT_BUNDLE_IDENTIFIER = "dreymonde.Delegated-macOSTests";
				PRODUCT_NAME = "$(TARGET_NAME)";
				SDKROOT = macosx;
				SWIFT_VERSION = 4.0;
			};
			name = Debug;
		};
		005D2E9B20C94BA0004474F2 /* Release */ = {
			isa = XCBuildConfiguration;
			buildSettings = {
				ALWAYS_EMBED_SWIFT_STANDARD_LIBRARIES = YES;
				CODE_SIGN_IDENTITY = "-";
				CODE_SIGN_STYLE = Automatic;
				COMBINE_HIDPI_IMAGES = YES;
				INFOPLIST_FILE = "$(SRCROOT)/Configs/DelegatedTests.plist";
				LD_RUNPATH_SEARCH_PATHS = (
					"$(inherited)",
					"@executable_path/../Frameworks",
					"@loader_path/../Frameworks",
				);
				MACOSX_DEPLOYMENT_TARGET = 10.13;
				PRODUCT_BUNDLE_IDENTIFIER = "dreymonde.Delegated-macOSTests";
				PRODUCT_NAME = "$(TARGET_NAME)";
				SDKROOT = macosx;
				SWIFT_VERSION = 4.0;
			};
			name = Release;
		};
		005D2EA720C94BAC004474F2 /* Debug */ = {
			isa = XCBuildConfiguration;
			buildSettings = {
				APPLICATION_EXTENSION_API_ONLY = YES;
				CODE_SIGN_IDENTITY = "";
				CODE_SIGN_STYLE = Automatic;
				DEFINES_MODULE = YES;
				DYLIB_COMPATIBILITY_VERSION = 1;
				DYLIB_CURRENT_VERSION = 1;
				DYLIB_INSTALL_NAME_BASE = "@rpath";
				INFOPLIST_FILE = "$(SRCROOT)/Configs/Delegated.plist";
				INSTALL_PATH = "$(LOCAL_LIBRARY_DIR)/Frameworks";
				LD_RUNPATH_SEARCH_PATHS = (
					"$(inherited)",
					"@executable_path/Frameworks",
					"@loader_path/Frameworks",
				);
				PRODUCT_BUNDLE_IDENTIFIER = "dreymonde.Delegated-watchOS";
				PRODUCT_NAME = "$(TARGET_NAME:c99extidentifier)";
				SDKROOT = watchos;
				SKIP_INSTALL = YES;
				SWIFT_VERSION = 4.0;
				TARGETED_DEVICE_FAMILY = 4;
				WATCHOS_DEPLOYMENT_TARGET = 2.0;
			};
			name = Debug;
		};
		005D2EA820C94BAC004474F2 /* Release */ = {
			isa = XCBuildConfiguration;
			buildSettings = {
				APPLICATION_EXTENSION_API_ONLY = YES;
				CODE_SIGN_IDENTITY = "";
				CODE_SIGN_STYLE = Automatic;
				DEFINES_MODULE = YES;
				DYLIB_COMPATIBILITY_VERSION = 1;
				DYLIB_CURRENT_VERSION = 1;
				DYLIB_INSTALL_NAME_BASE = "@rpath";
				INFOPLIST_FILE = "$(SRCROOT)/Configs/Delegated.plist";
				INSTALL_PATH = "$(LOCAL_LIBRARY_DIR)/Frameworks";
				LD_RUNPATH_SEARCH_PATHS = (
					"$(inherited)",
					"@executable_path/Frameworks",
					"@loader_path/Frameworks",
				);
				PRODUCT_BUNDLE_IDENTIFIER = "dreymonde.Delegated-watchOS";
				PRODUCT_NAME = "$(TARGET_NAME:c99extidentifier)";
				SDKROOT = watchos;
				SKIP_INSTALL = YES;
				SWIFT_VERSION = 4.0;
				TARGETED_DEVICE_FAMILY = 4;
				WATCHOS_DEPLOYMENT_TARGET = 2.0;
			};
			name = Release;
		};
/* End XCBuildConfiguration section */

/* Begin XCConfigurationList section */
		005D2E4420C94B57004474F2 /* Build configuration list for PBXProject "Delegated" */ = {
			isa = XCConfigurationList;
			buildConfigurations = (
				005D2E5C20C94B58004474F2 /* Debug */,
				005D2E5D20C94B58004474F2 /* Release */,
			);
			defaultConfigurationIsVisible = 0;
			defaultConfigurationName = Release;
		};
		005D2E5E20C94B58004474F2 /* Build configuration list for PBXNativeTarget "Delegated-iOS" */ = {
			isa = XCConfigurationList;
			buildConfigurations = (
				005D2E5F20C94B58004474F2 /* Debug */,
				005D2E6020C94B58004474F2 /* Release */,
			);
			defaultConfigurationIsVisible = 0;
			defaultConfigurationName = Release;
		};
		005D2E6120C94B58004474F2 /* Build configuration list for PBXNativeTarget "Delegated-iOSTests" */ = {
			isa = XCConfigurationList;
			buildConfigurations = (
				005D2E6220C94B58004474F2 /* Debug */,
				005D2E6320C94B58004474F2 /* Release */,
			);
			defaultConfigurationIsVisible = 0;
			defaultConfigurationName = Release;
		};
		005D2E7A20C94B78004474F2 /* Build configuration list for PBXNativeTarget "Delegated-tvOS" */ = {
			isa = XCConfigurationList;
			buildConfigurations = (
				005D2E7B20C94B78004474F2 /* Debug */,
				005D2E7C20C94B78004474F2 /* Release */,
			);
			defaultConfigurationIsVisible = 0;
			defaultConfigurationName = Release;
		};
		005D2E7D20C94B78004474F2 /* Build configuration list for PBXNativeTarget "Delegated-tvOSTests" */ = {
			isa = XCConfigurationList;
			buildConfigurations = (
				005D2E7E20C94B78004474F2 /* Debug */,
				005D2E7F20C94B78004474F2 /* Release */,
			);
			defaultConfigurationIsVisible = 0;
			defaultConfigurationName = Release;
		};
		005D2E9620C94BA0004474F2 /* Build configuration list for PBXNativeTarget "Delegated-macOS" */ = {
			isa = XCConfigurationList;
			buildConfigurations = (
				005D2E9720C94BA0004474F2 /* Debug */,
				005D2E9820C94BA0004474F2 /* Release */,
			);
			defaultConfigurationIsVisible = 0;
			defaultConfigurationName = Release;
		};
		005D2E9920C94BA0004474F2 /* Build configuration list for PBXNativeTarget "Delegated-macOSTests" */ = {
			isa = XCConfigurationList;
			buildConfigurations = (
				005D2E9A20C94BA0004474F2 /* Debug */,
				005D2E9B20C94BA0004474F2 /* Release */,
			);
			defaultConfigurationIsVisible = 0;
			defaultConfigurationName = Release;
		};
		005D2EA620C94BAC004474F2 /* Build configuration list for PBXNativeTarget "Delegated-watchOS" */ = {
			isa = XCConfigurationList;
			buildConfigurations = (
				005D2EA720C94BAC004474F2 /* Debug */,
				005D2EA820C94BAC004474F2 /* Release */,
			);
			defaultConfigurationIsVisible = 0;
			defaultConfigurationName = Release;
		};
/* End XCConfigurationList section */
	};
	rootObject = 005D2E4120C94B57004474F2 /* Project object */;
}
